<?xml version="1.0" encoding="utf-8"?>
<Project ToolsVersion="4.0" xmlns="http://schemas.microsoft.com/developer/msbuild/2003">
  <ItemGroup>
    <Filter Include="render">
      <UniqueIdentifier>{8659fa66-8086-4d36-bf2f-a4c3621a9610}</UniqueIdentifier>
    </Filter>
    <Filter Include="render\rt">
      <UniqueIdentifier>{1e79281e-cc15-44e9-aa43-5f559564ad47}</UniqueIdentifier>
    </Filter>
    <Filter Include="utility">
      <UniqueIdentifier>{63a11b30-6ecb-438c-a157-3f2f713212bb}</UniqueIdentifier>
    </Filter>
    <Filter Include="utility\stat">
      <UniqueIdentifier>{6bb7e365-a035-4273-9be7-a366ada9e230}</UniqueIdentifier>
    </Filter>
    <Filter Include="adapter">
      <UniqueIdentifier>{64c18692-1c97-4353-b913-6d2f67574570}</UniqueIdentifier>
    </Filter>
    <Filter Include="data">
      <UniqueIdentifier>{8d20de06-921e-4618-bb93-8b815b1bdcf6}</UniqueIdentifier>
    </Filter>
    <Filter Include="data\image">
      <UniqueIdentifier>{adee5491-0366-48a9-b46d-0bfbb9e03fd8}</UniqueIdentifier>
    </Filter>
    <Filter Include="pool">
      <UniqueIdentifier>{f5da4333-55b6-4d64-a334-9482efe262b4}</UniqueIdentifier>
    </Filter>
  </ItemGroup>
  <ItemGroup>
    <ClCompile Include="..\..\..\source\RenderContext.cpp">
      <Filter>render</Filter>
    </ClCompile>
    <ClCompile Include="..\..\..\source\RenderTarget.cpp">
      <Filter>render\rt</Filter>
    </ClCompile>
    <ClCompile Include="..\..\..\source\RenderTargetMgr.cpp">
      <Filter>render\rt</Filter>
    </ClCompile>
    <ClCompile Include="..\..\..\source\Config.cpp">
      <Filter>utility</Filter>
    </ClCompile>
    <ClCompile Include="..\..\..\source\Exception.cpp">
      <Filter>utility</Filter>
    </ClCompile>
    <ClCompile Include="..\..\..\source\FilepathHelper.cpp">
      <Filter>utility</Filter>
    </ClCompile>
    <ClCompile Include="..\..\..\source\JsonSerializer.cpp">
      <Filter>utility</Filter>
    </ClCompile>
    <ClCompile Include="..\..\..\source\StringHelper.cpp">
      <Filter>utility</Filter>
    </ClCompile>
    <ClCompile Include="..\..\..\source\trans_color.cpp">
      <Filter>utility</Filter>
    </ClCompile>
    <ClCompile Include="..\..\..\source\StatFPS.cpp">
      <Filter>utility\stat</Filter>
    </ClCompile>
    <ClCompile Include="..\..\..\source\Statistics.cpp">
      <Filter>utility\stat</Filter>
    </ClCompile>
    <ClCompile Include="..\..\..\source\StatScreen.cpp">
      <Filter>utility\stat</Filter>
    </ClCompile>
    <ClCompile Include="..\..\..\source\StatTag.cpp">
      <Filter>utility\stat</Filter>
    </ClCompile>
    <ClCompile Include="..\..\..\source\DTexC2Strategy.cpp">
      <Filter>adapter</Filter>
    </ClCompile>
    <ClCompile Include="..\..\..\source\lua_wrap_audio.cpp">
      <Filter>adapter</Filter>
    </ClCompile>
    <ClCompile Include="..\..\..\source\c_wrap_gum.cpp" />
    <ClCompile Include="..\..\..\source\Audio.cpp">
      <Filter>adapter</Filter>
    </ClCompile>
    <ClCompile Include="..\..\..\source\Cooking.cpp">
      <Filter>adapter</Filter>
    </ClCompile>
    <ClCompile Include="..\..\..\source\DTex.cpp">
      <Filter>adapter</Filter>
    </ClCompile>
    <ClCompile Include="..\..\..\source\GTxt.cpp">
      <Filter>adapter</Filter>
    </ClCompile>
    <ClCompile Include="..\..\..\source\Model3.cpp">
      <Filter>adapter</Filter>
    </ClCompile>
    <ClCompile Include="..\..\..\source\ShaderLab.cpp">
      <Filter>adapter</Filter>
    </ClCompile>
    <ClCompile Include="..\..\..\source\Sprite2.cpp">
      <Filter>adapter</Filter>
    </ClCompile>
    <ClCompile Include="..\..\..\source\Facade.cpp" />
    <ClCompile Include="..\..\..\source\ImageSymbol.cpp">
      <Filter>data</Filter>
    </ClCompile>
    <ClCompile Include="..\..\..\source\TextboxSymbol.cpp">
      <Filter>data</Filter>
    </ClCompile>
    <ClCompile Include="..\..\..\source\TexturePolygon.cpp">
      <Filter>data</Filter>
    </ClCompile>
    <ClCompile Include="..\..\..\source\Image.cpp">
      <Filter>data\image</Filter>
    </ClCompile>
    <ClCompile Include="..\..\..\source\ProxyImage.cpp">
      <Filter>data\image</Filter>
    </ClCompile>
    <ClCompile Include="..\..\..\source\Texture.cpp">
      <Filter>data\image</Filter>
    </ClCompile>
    <ClCompile Include="..\..\..\source\SymbolPool.cpp">
      <Filter>pool</Filter>
    </ClCompile>
    <ClCompile Include="..\..\..\source\SpritePool.cpp">
      <Filter>pool</Filter>
    </ClCompile>
    <ClCompile Include="..\..\..\source\ActorPool.cpp">
      <Filter>pool</Filter>
    </ClCompile>
    <ClCompile Include="..\..\..\source\ImagePool.cpp">
      <Filter>pool</Filter>
    </ClCompile>
    <ClCompile Include="..\..\..\source\ThreadPool.cpp">
      <Filter>pool</Filter>
    </ClCompile>
    <ClCompile Include="..\..\..\source\ResPool.cpp">
      <Filter>pool</Filter>
    </ClCompile>
    <ClCompile Include="..\..\..\source\Painting2.cpp">
      <Filter>adapter</Filter>
    </ClCompile>
  </ItemGroup>
  <ItemGroup>
    <ClInclude Include="..\..\..\include\gum\RenderContext.h">
      <Filter>render</Filter>
    </ClInclude>
    <ClInclude Include="..\..\..\include\gum\RenderTarget.h">
      <Filter>render\rt</Filter>
    </ClInclude>
    <ClInclude Include="..\..\..\include\gum\RenderTargetMgr.h">
      <Filter>render\rt</Filter>
    </ClInclude>
    <ClInclude Include="..\..\..\include\gum\Config.h">
      <Filter>utility</Filter>
    </ClInclude>
    <ClInclude Include="..\..\..\include\gum\Exception.h">
      <Filter>utility</Filter>
    </ClInclude>
    <ClInclude Include="..\..\..\include\gum\FilepathHelper.h">
      <Filter>utility</Filter>
    </ClInclude>
    <ClInclude Include="..\..\..\include\gum\gum_config.h">
      <Filter>utility</Filter>
    </ClInclude>
    <ClInclude Include="..\..\..\include\gum\JsonSerializer.h">
      <Filter>utility</Filter>
    </ClInclude>
    <ClInclude Include="..\..\..\include\gum\StringHelper.h">
      <Filter>utility</Filter>
    </ClInclude>
    <ClInclude Include="..\..\..\include\gum\trans_color.h">
      <Filter>utility</Filter>
    </ClInclude>
    <ClInclude Include="..\..\..\include\gum\StatFPS.h">
      <Filter>utility\stat</Filter>
    </ClInclude>
    <ClInclude Include="..\..\..\include\gum\Statistics.h">
      <Filter>utility\stat</Filter>
    </ClInclude>
    <ClInclude Include="..\..\..\include\gum\StatScreen.h">
      <Filter>utility\stat</Filter>
    </ClInclude>
    <ClInclude Include="..\..\..\include\gum\StatTag.h">
      <Filter>utility\stat</Filter>
    </ClInclude>
    <ClInclude Include="..\..\..\include\gum\DTexC2Strategy.h">
      <Filter>adapter</Filter>
    </ClInclude>
    <ClInclude Include="..\..\..\include\gum\lua_wrap_audio.h">
      <Filter>adapter</Filter>
    </ClInclude>
    <ClInclude Include="..\..\..\include\c_wrap_gum.h" />
    <ClInclude Include="..\..\..\include\gum\Audio.h">
      <Filter>adapter</Filter>
    </ClInclude>
    <ClInclude Include="..\..\..\include\gum\Cooking.h">
      <Filter>adapter</Filter>
    </ClInclude>
    <ClInclude Include="..\..\..\include\gum\DTex.h">
      <Filter>adapter</Filter>
    </ClInclude>
    <ClInclude Include="..\..\..\include\gum\GTxt.h">
      <Filter>adapter</Filter>
    </ClInclude>
    <ClInclude Include="..\..\..\include\gum\Model3.h">
      <Filter>adapter</Filter>
    </ClInclude>
    <ClInclude Include="..\..\..\include\gum\ShaderLab.h">
      <Filter>adapter</Filter>
    </ClInclude>
    <ClInclude Include="..\..\..\include\gum\Sprite2.h">
      <Filter>adapter</Filter>
    </ClInclude>
    <ClInclude Include="..\..\..\include\gum\Facade.h" />
    <ClInclude Include="..\..\..\include\gum\ImageSymbol.h">
      <Filter>data</Filter>
    </ClInclude>
    <ClInclude Include="..\..\..\include\gum\TextboxSymbol.h">
      <Filter>data</Filter>
    </ClInclude>
    <ClInclude Include="..\..\..\include\gum\TexturePolygon.h">
      <Filter>data</Filter>
    </ClInclude>
    <ClInclude Include="..\..\..\include\gum\Image.h">
      <Filter>data\image</Filter>
    </ClInclude>
    <ClInclude Include="..\..\..\include\gum\ProxyImage.h">
      <Filter>data\image</Filter>
    </ClInclude>
    <ClInclude Include="..\..\..\include\gum\Texture.h">
      <Filter>data\image</Filter>
    </ClInclude>
    <ClInclude Include="..\..\..\include\gum\SymbolPool.h">
      <Filter>pool</Filter>
    </ClInclude>
    <ClInclude Include="..\..\..\include\gum\SpritePool.h">
      <Filter>pool</Filter>
    </ClInclude>
    <ClInclude Include="..\..\..\include\gum\ActorPool.h">
      <Filter>pool</Filter>
    </ClInclude>
    <ClInclude Include="..\..\..\include\gum\ImagePool.h">
      <Filter>pool</Filter>
    </ClInclude>
    <ClInclude Include="..\..\..\include\gum\ThreadPool.h">
      <Filter>pool</Filter>
    </ClInclude>
    <ClInclude Include="..\..\..\include\gum\ResPool.h">
      <Filter>pool</Filter>
    </ClInclude>
    <ClInclude Include="..\..\..\include\gum\Painting2.h">
      <Filter>adapter</Filter>
    </ClInclude>
  </ItemGroup>
  <ItemGroup>
    <None Include="..\..\..\include\gum\FilepathHelper.inl">
      <Filter>utility</Filter>
    </None>
    <None Include="..\..\..\include\gum\ResPool.inl">
      <Filter>pool</Filter>
    </None>
  </ItemGroup>
</Project>